
Microsoft Visual Studio Solution File, Format Version 12.00
# Visual Studio Version 17
VisualStudioVersion = 17.5.002.0
MinimumVisualStudioVersion = 10.0.40219.1
Project("{9A19103F-16F7-4668-BE54-9A1E7A4F7556}") = "dsexample", "dsexample.csproj", "{D46FC532-8C29-443F-BC35-C256E4C47D61}"
EndProject
Global
	GlobalSection(SolutionConfigurationPlatforms) = preSolution
		Debug|Any CPU = Debug|Any CPU
		Release|Any CPU = Release|Any CPU
	EndGlobalSection
	GlobalSection(ProjectConfigurationPlatforms) = postSolution
		{D46FC532-8C29-443F-BC35-C256E4C47D61}.Debug|Any CPU.ActiveCfg = Debug|Any CPU
		{D46FC532-8C29-443F-BC35-C256E4C47D61}.Debug|Any CPU.Build.0 = Debug|Any CPU
		{D46FC532-8C29-443F-BC35-C256E4C47D61}.Release|Any CPU.ActiveCfg = Release|Any CPU
		{D46FC532-8C29-443F-BC35-C256E4C47D61}.Release|Any CPU.Build.0 = Release|Any CPU
	EndGlobalSection
	GlobalSection(SolutionProperties) = preSolution
		HideSolutionNode = FALSE
	EndGlobalSection
	GlobalSection(ExtensibilityGlobals) = postSolution
		SolutionGuid = {758B89CD-78F7-45DA-A495-7014A8C4F34C}
	EndGlobalSection
EndGlobal
